
Microsoft Visual Studio Solution File, Format Version 12.00
# Visual Studio 15
Project("{FAE04EC0-301F-11D3-BF4B-00C04F79EFBC}") = "Assembly-CSharp", "Assembly-CSharp.csproj", "{5103618C-9093-97D0-3BD6-6964317FBF12}"
EndProject
Project("{FAE04EC0-301F-11D3-BF4B-00C04F79EFBC}") = "Assembly-CSharp-firstpass", "Assembly-CSharp-firstpass.csproj", "{D72887B9-9AF8-2BA2-5A69-40FA28C7DE32}"
EndProject
Global
	GlobalSection(SolutionConfigurationPlatforms) = preSolution
		Debug|Any CPU = Debug|Any CPU
		Release|Any CPU = Release|Any CPU
	EndGlobalSection
	GlobalSection(ProjectConfigurationPlatforms) = postSolution
		{5103618C-9093-97D0-3BD6-6964317FBF12}.Debug|Any CPU.ActiveCfg = Debug|Any CPU
		{5103618C-9093-97D0-3BD6-6964317FBF12}.Debug|Any CPU.Build.0 = Debug|Any CPU
		{5103618C-9093-97D0-3BD6-6964317FBF12}.Release|Any CPU.ActiveCfg = Release|Any CPU
		{5103618C-9093-97D0-3BD6-6964317FBF12}.Release|Any CPU.Build.0 = Release|Any CPU
		{D72887B9-9AF8-2BA2-5A69-40FA28C7DE32}.Debug|Any CPU.ActiveCfg = Debug|Any CPU
		{D72887B9-9AF8-2BA2-5A69-40FA28C7DE32}.Debug|Any CPU.Build.0 = Debug|Any CPU
		{D72887B9-9AF8-2BA2-5A69-40FA28C7DE32}.Release|Any CPU.ActiveCfg = Release|Any CPU
		{D72887B9-9AF8-2BA2-5A69-40FA28C7DE32}.Release|Any CPU.Build.0 = Release|Any CPU
	EndGlobalSection
	GlobalSection(SolutionProperties) = preSolution
		HideSolutionNode = FALSE
	EndGlobalSection
EndGlobal
